
Microsoft Visual Studio Solution File, Format Version 12.00
# Visual Studio 15
VisualStudioVersion = 15.0.27428.2002
MinimumVisualStudioVersion = 10.0.40219.1
Project("{9A19103F-16F7-4668-BE54-9A1E7A4F7556}") = "myproj", "myproj.csproj", "{F200C96A-D6C9-4926-B4E1-0FE610CDCB51}"
EndProject
Project("{FAE04EC0-301F-11D3-BF4B-00C04F79EFBC}") = "WebAPI", "WebApplication1\WebAPI.csproj", "{3858E7F8-7A0A-45D6-800B-70CB1FB78807}"
EndProject
Project("{FAE04EC0-301F-11D3-BF4B-00C04F79EFBC}") = "WebAPI.Tests", "WebApplication1.Tests\WebAPI.Tests.csproj", "{26E0169C-A2AA-48AD-AEB1-BED7F062C77E}"
EndProject
Global
	GlobalSection(SolutionConfigurationPlatforms) = preSolution
		Debug|Any CPU = Debug|Any CPU
		Release|Any CPU = Release|Any CPU
	EndGlobalSection
	GlobalSection(ProjectConfigurationPlatforms) = postSolution
		{F200C96A-D6C9-4926-B4E1-0FE610CDCB51}.Debug|Any CPU.ActiveCfg = Debug|Any CPU
		{F200C96A-D6C9-4926-B4E1-0FE610CDCB51}.Debug|Any CPU.Build.0 = Debug|Any CPU
		{F200C96A-D6C9-4926-B4E1-0FE610CDCB51}.Release|Any CPU.ActiveCfg = Release|Any CPU
		{F200C96A-D6C9-4926-B4E1-0FE610CDCB51}.Release|Any CPU.Build.0 = Release|Any CPU
		{3858E7F8-7A0A-45D6-800B-70CB1FB78807}.Debug|Any CPU.ActiveCfg = Debug|Any CPU
		{3858E7F8-7A0A-45D6-800B-70CB1FB78807}.Debug|Any CPU.Build.0 = Debug|Any CPU
		{3858E7F8-7A0A-45D6-800B-70CB1FB78807}.Release|Any CPU.ActiveCfg = Release|Any CPU
		{3858E7F8-7A0A-45D6-800B-70CB1FB78807}.Release|Any CPU.Build.0 = Release|Any CPU
		{26E0169C-A2AA-48AD-AEB1-BED7F062C77E}.Debug|Any CPU.ActiveCfg = Debug|Any CPU
		{26E0169C-A2AA-48AD-AEB1-BED7F062C77E}.Debug|Any CPU.Build.0 = Debug|Any CPU
		{26E0169C-A2AA-48AD-AEB1-BED7F062C77E}.Release|Any CPU.ActiveCfg = Release|Any CPU
		{26E0169C-A2AA-48AD-AEB1-BED7F062C77E}.Release|Any CPU.Build.0 = Release|Any CPU
	EndGlobalSection
	GlobalSection(SolutionProperties) = preSolution
		HideSolutionNode = FALSE
	EndGlobalSection
	GlobalSection(ExtensibilityGlobals) = postSolution
		SolutionGuid = {9D2D1AA3-6674-4629-B230-CEC71939C0A4}
	EndGlobalSection
EndGlobal
